PODS:
  - FBSnapshotTestCase (2.1.4):
    - FBSnapshotTestCase/SwiftSupport (= 2.1.4)
  - FBSnapshotTestCase/Core (2.1.4)
  - FBSnapshotTestCase/SwiftSupport (2.1.4):
    - FBSnapshotTestCase/Core
  - MyUntity (0.6.0)

DEPENDENCIES:
  - FBSnapshotTestCase
  - MyUntity (from `../`)

SPEC REPOS:
  trunk:
    - FBSnapshotTestCase

EXTERNAL SOURCES:
  MyUntity:
    :path: "../"

SPEC CHECKSUMS:
  FBSnapshotTestCase: 094f9f314decbabe373b87cc339bea235a63e07a
  MyUntity: f05232ae722e1bc9b7ad2c8291d6e1016e6e2663

PODFILE CHECKSUM: 3e55ee37bce88d606c32eecf285049b54e8cad10

COCOAPODS: 1.8.4
